
Microsoft Visual Studio Solution File, Format Version 12.00
# Visual Studio 15
VisualStudioVersion = 15.0.28307.1145
MinimumVisualStudioVersion = 10.0.40219.1
Project("{FAE04EC0-301F-11D3-BF4B-00C04F79EFBC}") = "FolderWatcher", "FolderWatcher.csproj", "{C37868D3-72D0-408C-9915-C47FBB28F257}"
EndProject
Global
	GlobalSection(SolutionConfigurationPlatforms) = preSolution
		Debug|Any CPU = Debug|Any CPU
		Release|Any CPU = Release|Any CPU
	EndGlobalSection
	GlobalSection(ProjectConfigurationPlatforms) = postSolution
		{C37868D3-72D0-408C-9915-C47FBB28F257}.Debug|Any CPU.ActiveCfg = Debug|Any CPU
		{C37868D3-72D0-408C-9915-C47FBB28F257}.Debug|Any CPU.Build.0 = Debug|Any CPU
		{C37868D3-72D0-408C-9915-C47FBB28F257}.Release|Any CPU.ActiveCfg = Release|Any CPU
		{C37868D3-72D0-408C-9915-C47FBB28F257}.Release|Any CPU.Build.0 = Release|Any CPU
	EndGlobalSection
	GlobalSection(SolutionProperties) = preSolution
		HideSolutionNode = FALSE
	EndGlobalSection
	GlobalSection(ExtensibilityGlobals) = postSolution
		SolutionGuid = {80A3F3F0-E294-4B77-A9A9-C66159B0CB61}
	EndGlobalSection
EndGlobal
